
Microsoft Visual Studio Solution File, Format Version 12.00
# Visual Studio Version 16
VisualStudioVersion = 16.0.29905.134
MinimumVisualStudioVersion = 10.0.40219.1
Project("{2150E333-8FDC-42A3-9474-1A3956D46DE8}") = "src", "src", "{AA62D1B8-D465-415D-BE2E-BB60C0EA1375}"
EndProject
Project("{FAE04EC0-301F-11D3-BF4B-00C04F79EFBC}") = "DataAccess.Integration.Tests", "DataAccess.Integration.Tests\DataAccess.Integration.Tests.csproj", "{F395731E-563E-48FA-967F-6D2B62A286D3}"
EndProject
Project("{FAE04EC0-301F-11D3-BF4B-00C04F79EFBC}") = "DataAccess", "DataAccess\DataAccess.csproj", "{6DEA9C15-A19C-4EB0-9220-E58CCBA38E04}"
EndProject
Project("{6EC3EE1D-3C4E-46DD-8F32-0CC8E7565705}") = "DataAccess.Fsharp", "DataAccess.Fsharp\DataAccess.Fsharp.fsproj", "{0E036CAA-9D4F-41B4-8E68-02C6AE1410DC}"
EndProject
Project("{6EC3EE1D-3C4E-46DD-8F32-0CC8E7565705}") = "DataAccess.Fsharp.Integration.Tests", "DataAccess.Fsharp.Integration.Tests\DataAccess.Fsharp.Integration.Tests.fsproj", "{81097996-EAD0-4488-B907-A5FEAFB7F809}"
EndProject
Global
	GlobalSection(SolutionConfigurationPlatforms) = preSolution
		Debug|Any CPU = Debug|Any CPU
		Release|Any CPU = Release|Any CPU
	EndGlobalSection
	GlobalSection(ProjectConfigurationPlatforms) = postSolution
		{F395731E-563E-48FA-967F-6D2B62A286D3}.Debug|Any CPU.ActiveCfg = Debug|Any CPU
		{F395731E-563E-48FA-967F-6D2B62A286D3}.Debug|Any CPU.Build.0 = Debug|Any CPU
		{F395731E-563E-48FA-967F-6D2B62A286D3}.Release|Any CPU.ActiveCfg = Release|Any CPU
		{F395731E-563E-48FA-967F-6D2B62A286D3}.Release|Any CPU.Build.0 = Release|Any CPU
		{6DEA9C15-A19C-4EB0-9220-E58CCBA38E04}.Debug|Any CPU.ActiveCfg = Debug|Any CPU
		{6DEA9C15-A19C-4EB0-9220-E58CCBA38E04}.Debug|Any CPU.Build.0 = Debug|Any CPU
		{6DEA9C15-A19C-4EB0-9220-E58CCBA38E04}.Release|Any CPU.ActiveCfg = Release|Any CPU
		{6DEA9C15-A19C-4EB0-9220-E58CCBA38E04}.Release|Any CPU.Build.0 = Release|Any CPU
		{0E036CAA-9D4F-41B4-8E68-02C6AE1410DC}.Debug|Any CPU.ActiveCfg = Debug|Any CPU
		{0E036CAA-9D4F-41B4-8E68-02C6AE1410DC}.Debug|Any CPU.Build.0 = Debug|Any CPU
		{0E036CAA-9D4F-41B4-8E68-02C6AE1410DC}.Release|Any CPU.ActiveCfg = Release|Any CPU
		{0E036CAA-9D4F-41B4-8E68-02C6AE1410DC}.Release|Any CPU.Build.0 = Release|Any CPU
		{81097996-EAD0-4488-B907-A5FEAFB7F809}.Debug|Any CPU.ActiveCfg = Debug|Any CPU
		{81097996-EAD0-4488-B907-A5FEAFB7F809}.Debug|Any CPU.Build.0 = Debug|Any CPU
		{81097996-EAD0-4488-B907-A5FEAFB7F809}.Release|Any CPU.ActiveCfg = Release|Any CPU
		{81097996-EAD0-4488-B907-A5FEAFB7F809}.Release|Any CPU.Build.0 = Release|Any CPU
	EndGlobalSection
	GlobalSection(SolutionProperties) = preSolution
		HideSolutionNode = FALSE
	EndGlobalSection
	GlobalSection(NestedProjects) = preSolution
		{F395731E-563E-48FA-967F-6D2B62A286D3} = {AA62D1B8-D465-415D-BE2E-BB60C0EA1375}
		{6DEA9C15-A19C-4EB0-9220-E58CCBA38E04} = {AA62D1B8-D465-415D-BE2E-BB60C0EA1375}
		{0E036CAA-9D4F-41B4-8E68-02C6AE1410DC} = {AA62D1B8-D465-415D-BE2E-BB60C0EA1375}
		{81097996-EAD0-4488-B907-A5FEAFB7F809} = {AA62D1B8-D465-415D-BE2E-BB60C0EA1375}
	EndGlobalSection
	GlobalSection(ExtensibilityGlobals) = postSolution
		EnterpriseLibraryConfigurationToolBinariesPathV6 = packages\EnterpriseLibrary.Common.6.0.1304.0\lib\NET45;packages\EnterpriseLibrary.Data.6.0.1304.0\lib\NET45
		SolutionGuid = {413D037E-AC2B-4259-A429-1D7C251640DD}
	EndGlobalSection
EndGlobal
